{
  "requires": true,
  "lockfileVersion": 1,
  "dependencies": {
    "asc": {
      "version": "2.0.2",
      "resolved": "https://registry.npmjs.org/asc/-/asc-2.0.2.tgz",
      "integrity": "sha512-ipdv3A2sgmtkw1d5fMyWTBgqgRmllPUUcd6hdcFSDU5gzfZoVTj0NvDuOBz+N076UhCULJlwvJ5J5vxxVw6hmA==",
      "requires": {
        "async": "2.6.2",
        "doublescore": "1.0.0"
      }
    },
    "assemblyscript": {
      "version": "0.17.0",
      "resolved": "https://registry.npmjs.org/assemblyscript/-/assemblyscript-0.17.0.tgz",
      "integrity": "sha512-XHk/O25pUyX/XMvwiOVFJ/YAXrGCk6O090+KiDvVim9Ltl3s2+c5l4XGny1TrAa2Wf9nW44f0iEjgAwDfsct0Q==",
      "requires": {
        "binaryen": "98.0.0-nightly.20201025",
        "long": "^4.0.0"
      }
    },
    "async": {
      "version": "2.6.2",
      "resolved": "https://registry.npmjs.org/async/-/async-2.6.2.tgz",
      "integrity": "sha512-H1qVYh1MYhEEFLsP97cVKqCGo7KfCyTt6uEWqsTBr9SO84oK9Uwbyd/yCW+6rKJLHksBNUVWZDAjfS+Ccx0Bbg==",
      "requires": {
        "lodash": "^4.17.11"
      }
    },
    "away": {
      "version": "1.0.0",
      "resolved": "https://registry.npmjs.org/away/-/away-1.0.0.tgz",
      "integrity": "sha1-0G8Yf15HJELD9HxYJurxj2Twsao=",
      "requires": {
        "xtend": "2.0.3"
      }
    },
    "binaryen": {
      "version": "98.0.0-nightly.20201025",
      "resolved": "https://registry.npmjs.org/binaryen/-/binaryen-98.0.0-nightly.20201025.tgz",
      "integrity": "sha512-jS6VMHF2mRKMBy79DhMDX+j1ph+TahHhLazkybvr90WkXBa80ydWgLTZLe3mxms1iOHJYqFv84TrKCrlFiwzjA=="
    },
    "doublescore": {
      "version": "1.0.0",
      "resolved": "https://registry.npmjs.org/doublescore/-/doublescore-1.0.0.tgz",
      "integrity": "sha512-oQiz8h433jrhQC5w/bpTiaegrpoia1+xCDhY/LMHKFVWm+zILeV4VcQPflFdkIzXcaNa78toIYz0jjFGa2Igew=="
    },
    "lodash": {
      "version": "4.17.20",
      "resolved": "https://registry.npmjs.org/lodash/-/lodash-4.17.20.tgz",
      "integrity": "sha512-PlhdFcillOINfeV7Ni6oF1TAEayyZBoZ8bcshTHqOYJYlrqzRK5hagpagky5o4HfCzzd1TRkXPMFq6cKk9rGmA=="
    },
    "long": {
      "version": "4.0.0",
      "resolved": "https://registry.npmjs.org/long/-/long-4.0.0.tgz",
      "integrity": "sha512-XsP+KhQif4bjX1kbuSiySJFNAehNxgLb6hPRGJ9QsUr8ajHkuXGdrHmFUTUUXhDwVX2R5bY4JNZEwbUiMhV+MA=="
    },
    "xtend": {
      "version": "2.0.3",
      "resolved": "https://registry.npmjs.org/xtend/-/xtend-2.0.3.tgz",
      "integrity": "sha1-YmAJAPCWrWoRHjyjfbuQh3ZJMJQ="
    }
  }
}
